
Microsoft Visual Studio Solution File, Format Version 12.00
# Visual Studio Version 17
VisualStudioVersion = 17.8.34322.80
MinimumVisualStudioVersion = 10.0.40219.1
Project("{FAE04EC0-301F-11D3-BF4B-00C04F79EFBC}") = "Day1", "Day1\Day1.csproj", "{A3C1D9C5-4727-4AB6-98CA-CB0845D5BFBD}"
EndProject
Global
	GlobalSection(SolutionConfigurationPlatforms) = preSolution
		Debug|Any CPU = Debug|Any CPU
		Release|Any CPU = Release|Any CPU
	EndGlobalSection
	GlobalSection(ProjectConfigurationPlatforms) = postSolution
		{A3C1D9C5-4727-4AB6-98CA-CB0845D5BFBD}.Debug|Any CPU.ActiveCfg = Debug|Any CPU
		{A3C1D9C5-4727-4AB6-98CA-CB0845D5BFBD}.Debug|Any CPU.Build.0 = Debug|Any CPU
		{A3C1D9C5-4727-4AB6-98CA-CB0845D5BFBD}.Release|Any CPU.ActiveCfg = Release|Any CPU
		{A3C1D9C5-4727-4AB6-98CA-CB0845D5BFBD}.Release|Any CPU.Build.0 = Release|Any CPU
	EndGlobalSection
	GlobalSection(SolutionProperties) = preSolution
		HideSolutionNode = FALSE
	EndGlobalSection
	GlobalSection(ExtensibilityGlobals) = postSolution
		SolutionGuid = {7F906C5B-EAAD-4E4A-AD8E-5F74157D20B4}
	EndGlobalSection
EndGlobal
