
Microsoft Visual Studio Solution File, Format Version 12.00
# Visual Studio Version 17
VisualStudioVersion = 17.8.34322.80
MinimumVisualStudioVersion = 10.0.40219.1
Project("{9A19103F-16F7-4668-BE54-9A1E7A4F7556}") = "Day1", "Day1\Day1.csproj", "{A3C1D9C5-4727-4AB6-98CA-CB0845D5BFBD}"
EndProject
Project("{9A19103F-16F7-4668-BE54-9A1E7A4F7556}") = "Tests", "Tests\Tests.csproj", "{DFEF4A65-4D62-4B0D-B091-2B1A52C37459}"
EndProject
Project("{9A19103F-16F7-4668-BE54-9A1E7A4F7556}") = "Day2", "Day2\Day2.csproj", "{3BC8A29B-923A-4496-9A79-3B2427DED586}"
EndProject
Project("{9A19103F-16F7-4668-BE54-9A1E7A4F7556}") = "Day3", "Day3\Day3.csproj", "{72BEC5C9-FF71-4CC9-B931-880BD98E2B72}"
EndProject
Project("{9A19103F-16F7-4668-BE54-9A1E7A4F7556}") = "Day4", "Day4\Day4.csproj", "{FCF0E98C-2B29-46D0-A4DB-0E289430A28E}"
EndProject
Project("{9A19103F-16F7-4668-BE54-9A1E7A4F7556}") = "Day6", "Day6\Day6.csproj", "{5F2DF6F3-7641-49F3-A180-44364D7D18B9}"
EndProject
Project("{FAE04EC0-301F-11D3-BF4B-00C04F79EFBC}") = "Day5", "Day5\Day5.csproj", "{4855FBEE-F868-406E-8748-8579FD2FDAA5}"
EndProject
Global
	GlobalSection(SolutionConfigurationPlatforms) = preSolution
		Debug|Any CPU = Debug|Any CPU
		Release|Any CPU = Release|Any CPU
	EndGlobalSection
	GlobalSection(ProjectConfigurationPlatforms) = postSolution
		{A3C1D9C5-4727-4AB6-98CA-CB0845D5BFBD}.Debug|Any CPU.ActiveCfg = Debug|Any CPU
		{A3C1D9C5-4727-4AB6-98CA-CB0845D5BFBD}.Debug|Any CPU.Build.0 = Debug|Any CPU
		{A3C1D9C5-4727-4AB6-98CA-CB0845D5BFBD}.Release|Any CPU.ActiveCfg = Release|Any CPU
		{A3C1D9C5-4727-4AB6-98CA-CB0845D5BFBD}.Release|Any CPU.Build.0 = Release|Any CPU
		{DFEF4A65-4D62-4B0D-B091-2B1A52C37459}.Debug|Any CPU.ActiveCfg = Debug|Any CPU
		{DFEF4A65-4D62-4B0D-B091-2B1A52C37459}.Debug|Any CPU.Build.0 = Debug|Any CPU
		{DFEF4A65-4D62-4B0D-B091-2B1A52C37459}.Release|Any CPU.ActiveCfg = Release|Any CPU
		{DFEF4A65-4D62-4B0D-B091-2B1A52C37459}.Release|Any CPU.Build.0 = Release|Any CPU
		{3BC8A29B-923A-4496-9A79-3B2427DED586}.Debug|Any CPU.ActiveCfg = Debug|Any CPU
		{3BC8A29B-923A-4496-9A79-3B2427DED586}.Debug|Any CPU.Build.0 = Debug|Any CPU
		{3BC8A29B-923A-4496-9A79-3B2427DED586}.Release|Any CPU.ActiveCfg = Release|Any CPU
		{3BC8A29B-923A-4496-9A79-3B2427DED586}.Release|Any CPU.Build.0 = Release|Any CPU
		{72BEC5C9-FF71-4CC9-B931-880BD98E2B72}.Debug|Any CPU.ActiveCfg = Debug|Any CPU
		{72BEC5C9-FF71-4CC9-B931-880BD98E2B72}.Debug|Any CPU.Build.0 = Debug|Any CPU
		{72BEC5C9-FF71-4CC9-B931-880BD98E2B72}.Release|Any CPU.ActiveCfg = Release|Any CPU
		{72BEC5C9-FF71-4CC9-B931-880BD98E2B72}.Release|Any CPU.Build.0 = Release|Any CPU
		{FCF0E98C-2B29-46D0-A4DB-0E289430A28E}.Debug|Any CPU.ActiveCfg = Debug|Any CPU
		{FCF0E98C-2B29-46D0-A4DB-0E289430A28E}.Debug|Any CPU.Build.0 = Debug|Any CPU
		{FCF0E98C-2B29-46D0-A4DB-0E289430A28E}.Release|Any CPU.ActiveCfg = Release|Any CPU
		{FCF0E98C-2B29-46D0-A4DB-0E289430A28E}.Release|Any CPU.Build.0 = Release|Any CPU
		{5F2DF6F3-7641-49F3-A180-44364D7D18B9}.Debug|Any CPU.ActiveCfg = Debug|Any CPU
		{5F2DF6F3-7641-49F3-A180-44364D7D18B9}.Debug|Any CPU.Build.0 = Debug|Any CPU
		{5F2DF6F3-7641-49F3-A180-44364D7D18B9}.Release|Any CPU.ActiveCfg = Release|Any CPU
		{5F2DF6F3-7641-49F3-A180-44364D7D18B9}.Release|Any CPU.Build.0 = Release|Any CPU
		{4855FBEE-F868-406E-8748-8579FD2FDAA5}.Debug|Any CPU.ActiveCfg = Debug|Any CPU
		{4855FBEE-F868-406E-8748-8579FD2FDAA5}.Debug|Any CPU.Build.0 = Debug|Any CPU
		{4855FBEE-F868-406E-8748-8579FD2FDAA5}.Release|Any CPU.ActiveCfg = Release|Any CPU
		{4855FBEE-F868-406E-8748-8579FD2FDAA5}.Release|Any CPU.Build.0 = Release|Any CPU
	EndGlobalSection
	GlobalSection(SolutionProperties) = preSolution
		HideSolutionNode = FALSE
	EndGlobalSection
	GlobalSection(ExtensibilityGlobals) = postSolution
		SolutionGuid = {7F906C5B-EAAD-4E4A-AD8E-5F74157D20B4}
	EndGlobalSection
EndGlobal
